
Microsoft Visual Studio Solution File, Format Version 12.00
# Visual Studio 15
VisualStudioVersion = 15.0.28307.489
MinimumVisualStudioVersion = 10.0.40219.1
Project("{FAE04EC0-301F-11D3-BF4B-00C04F79EFBC}") = "ConsoleApp1", "ConsoleApp1\ConsoleApp1.csproj", "{49CFF0C1-F9FA-43AE-AA31-09A73CE99758}"
EndProject
Global
	GlobalSection(SolutionConfigurationPlatforms) = preSolution
		Debug|Any CPU = Debug|Any CPU
		Release|Any CPU = Release|Any CPU
	EndGlobalSection
	GlobalSection(ProjectConfigurationPlatforms) = postSolution
		{49CFF0C1-F9FA-43AE-AA31-09A73CE99758}.Debug|Any CPU.ActiveCfg = Debug|Any CPU
		{49CFF0C1-F9FA-43AE-AA31-09A73CE99758}.Debug|Any CPU.Build.0 = Debug|Any CPU
		{49CFF0C1-F9FA-43AE-AA31-09A73CE99758}.Release|Any CPU.ActiveCfg = Release|Any CPU
		{49CFF0C1-F9FA-43AE-AA31-09A73CE99758}.Release|Any CPU.Build.0 = Release|Any CPU
	EndGlobalSection
	GlobalSection(SolutionProperties) = preSolution
		HideSolutionNode = FALSE
	EndGlobalSection
	GlobalSection(ExtensibilityGlobals) = postSolution
		SolutionGuid = {1B17A431-0260-4421-9DA9-014E27DE96E0}
	EndGlobalSection
EndGlobal
